
Microsoft Visual Studio Solution File, Format Version 12.00
# Visual Studio 2013
VisualStudioVersion = 12.0.30324.0
MinimumVisualStudioVersion = 10.0.40219.1
Project("{FAE04EC0-301F-11D3-BF4B-00C04F79EFBC}") = "bpms-core", "bpms-core\bpms-core.csproj", "{0E60C2D0-30BA-4EE8-A1C6-8DDCD5DC366D}"
EndProject
Project("{2150E333-8FDC-42A3-9474-1A3956D46DE8}") = ".nuget", ".nuget", "{46FA3D45-672C-4AFE-B09E-D67710309F65}"
	ProjectSection(SolutionItems) = preProject
		.nuget\NuGet.Config = .nuget\NuGet.Config
		.nuget\NuGet.exe = .nuget\NuGet.exe
		.nuget\NuGet.targets = .nuget\NuGet.targets
	EndProjectSection
EndProject
Project("{FAE04EC0-301F-11D3-BF4B-00C04F79EFBC}") = "bpms-core-test", "bpms-core-test\bpms-core-test.csproj", "{12FEBFE1-4973-4859-AC5D-26BB3443305E}"
EndProject
Project("{FAE04EC0-301F-11D3-BF4B-00C04F79EFBC}") = "bpms-tasks", "bpms-tasks\bpms-tasks.csproj", "{B0BBA829-1690-426B-BFB4-654DBE3F226C}"
EndProject
Project("{FAE04EC0-301F-11D3-BF4B-00C04F79EFBC}") = "simple-bpms-console-host", "simple-bpms-console-host\simple-bpms-console-host.csproj", "{7296ABEB-EEAF-4EBF-AD4F-3E2A987A2162}"
EndProject
Project("{FAE04EC0-301F-11D3-BF4B-00C04F79EFBC}") = "SimpleBpmsConsole", "SimpleBpmsConsole\SimpleBpmsConsole.csproj", "{96869856-BBBC-4783-91FD-03F236C3E1BC}"
EndProject
Global
	GlobalSection(SolutionConfigurationPlatforms) = preSolution
		Debug|Any CPU = Debug|Any CPU
		Release|Any CPU = Release|Any CPU
	EndGlobalSection
	GlobalSection(ProjectConfigurationPlatforms) = postSolution
		{0E60C2D0-30BA-4EE8-A1C6-8DDCD5DC366D}.Debug|Any CPU.ActiveCfg = Debug|Any CPU
		{0E60C2D0-30BA-4EE8-A1C6-8DDCD5DC366D}.Debug|Any CPU.Build.0 = Debug|Any CPU
		{0E60C2D0-30BA-4EE8-A1C6-8DDCD5DC366D}.Release|Any CPU.ActiveCfg = Release|Any CPU
		{0E60C2D0-30BA-4EE8-A1C6-8DDCD5DC366D}.Release|Any CPU.Build.0 = Release|Any CPU
		{12FEBFE1-4973-4859-AC5D-26BB3443305E}.Debug|Any CPU.ActiveCfg = Debug|Any CPU
		{12FEBFE1-4973-4859-AC5D-26BB3443305E}.Debug|Any CPU.Build.0 = Debug|Any CPU
		{12FEBFE1-4973-4859-AC5D-26BB3443305E}.Release|Any CPU.ActiveCfg = Release|Any CPU
		{12FEBFE1-4973-4859-AC5D-26BB3443305E}.Release|Any CPU.Build.0 = Release|Any CPU
		{B0BBA829-1690-426B-BFB4-654DBE3F226C}.Debug|Any CPU.ActiveCfg = Debug|Any CPU
		{B0BBA829-1690-426B-BFB4-654DBE3F226C}.Debug|Any CPU.Build.0 = Debug|Any CPU
		{B0BBA829-1690-426B-BFB4-654DBE3F226C}.Release|Any CPU.ActiveCfg = Release|Any CPU
		{B0BBA829-1690-426B-BFB4-654DBE3F226C}.Release|Any CPU.Build.0 = Release|Any CPU
		{7296ABEB-EEAF-4EBF-AD4F-3E2A987A2162}.Debug|Any CPU.ActiveCfg = Debug|Any CPU
		{7296ABEB-EEAF-4EBF-AD4F-3E2A987A2162}.Debug|Any CPU.Build.0 = Debug|Any CPU
		{7296ABEB-EEAF-4EBF-AD4F-3E2A987A2162}.Release|Any CPU.ActiveCfg = Release|Any CPU
		{7296ABEB-EEAF-4EBF-AD4F-3E2A987A2162}.Release|Any CPU.Build.0 = Release|Any CPU
		{96869856-BBBC-4783-91FD-03F236C3E1BC}.Debug|Any CPU.ActiveCfg = Debug|Any CPU
		{96869856-BBBC-4783-91FD-03F236C3E1BC}.Debug|Any CPU.Build.0 = Debug|Any CPU
		{96869856-BBBC-4783-91FD-03F236C3E1BC}.Release|Any CPU.ActiveCfg = Release|Any CPU
		{96869856-BBBC-4783-91FD-03F236C3E1BC}.Release|Any CPU.Build.0 = Release|Any CPU
	EndGlobalSection
	GlobalSection(SolutionProperties) = preSolution
		HideSolutionNode = FALSE
	EndGlobalSection
EndGlobal
